// !$*UTF8*$!
{
	archiveVersion = 1;
	classes = {
	};
	objectVersion = 56;
	objects = {

/* Begin PBXBuildFile section */
		AA1111111111111111111111 /* sec_osx_appApp.swift in Sources */ = {isa = PBXBuildFile; fileRef = AA1111111111111111111112 /* sec_osx_appApp.swift */; };
		AA1111111111111111111113 /* ContentView.swift in Sources */ = {isa = PBXBuildFile; fileRef = AA1111111111111111111114 /* ContentView.swift */; };
		AA1111111111111111111115 /* SecurityManager.swift in Sources */ = {isa = PBXBuildFile; fileRef = AA1111111111111111111116 /* SecurityManager.swift */; };
		AA1111111111111111111117 /* Assets.xcassets in Resources */ = {isa = PBXBuildFile; fileRef = AA1111111111111111111118 /* Assets.xcassets */; };
		AA2222222222222222222221 /* sec_osx_appTests.swift in Sources */ = {isa = PBXBuildFile; fileRef = AA2222222222222222222222 /* sec_osx_appTests.swift */; };
		EAD5EBA72EE890BC00B5A33C /* PasswordManagerView.swift in Sources */ = {isa = PBXBuildFile; fileRef = EAD5EBA62EE890BC00B5A33C /* PasswordManagerView.swift */; };
		EAD5EBA82EE890BC00B5A33C /* PasswordManager.swift in Sources */ = {isa = PBXBuildFile; fileRef = EAD5EBA52EE890BC00B5A33C /* PasswordManager.swift */; };
		EAD5EBA92EE890BC00B5A33C /* PasswordManagerView.swift in Sources */ = {isa = PBXBuildFile; fileRef = EAD5EBA62EE890BC00B5A33C /* PasswordManagerView.swift */; };
		EAD5EBAA2EE890BC00B5A33C /* PasswordManager.swift in Sources */ = {isa = PBXBuildFile; fileRef = EAD5EBA52EE890BC00B5A33C /* PasswordManager.swift */; };
		EAD5EBAC2EE8992500B5A33C /* PasswordManagerTests.swift in Sources */ = {isa = PBXBuildFile; fileRef = EAD5EBAB2EE8992500B5A33C /* PasswordManagerTests.swift */; };
/* End PBXBuildFile section */

/* Begin PBXContainerItemProxy section */
		AA222222222222222222222B /* PBXContainerItemProxy */ = {
			isa = PBXContainerItemProxy;
			containerPortal = AA1111111111111111111124 /* Project object */;
			proxyType = 1;
			remoteGlobalIDString = AA1111111111111111111120;
			remoteInfo = "sec-osx-app";
		};
/* End PBXContainerItemProxy section */

/* Begin PBXFileReference section */
		AA1111111111111111111112 /* sec_osx_appApp.swift */ = {isa = PBXFileReference; lastKnownFileType = sourcecode.swift; path = sec_osx_appApp.swift; sourceTree = "<group>"; };
		AA1111111111111111111114 /* ContentView.swift */ = {isa = PBXFileReference; lastKnownFileType = sourcecode.swift; path = ContentView.swift; sourceTree = "<group>"; };
		AA1111111111111111111116 /* SecurityManager.swift */ = {isa = PBXFileReference; lastKnownFileType = sourcecode.swift; path = SecurityManager.swift; sourceTree = "<group>"; };
		AA1111111111111111111118 /* Assets.xcassets */ = {isa = PBXFileReference; lastKnownFileType = folder.assetcatalog; path = Assets.xcassets; sourceTree = "<group>"; };
		AA1111111111111111111119 /* sec-osx-app.app */ = {isa = PBXFileReference; explicitFileType = wrapper.application; includeInIndex = 0; path = "sec-osx-app.app"; sourceTree = BUILT_PRODUCTS_DIR; };
		AA111111111111111111111A /* Info.plist */ = {isa = PBXFileReference; lastKnownFileType = text.plist.xml; path = Info.plist; sourceTree = "<group>"; };
		AA111111111111111111111B /* sec-osx-app.entitlements */ = {isa = PBXFileReference; lastKnownFileType = text.plist.entitlements; path = "sec-osx-app.entitlements"; sourceTree = "<group>"; };
		AA2222222222222222222222 /* sec_osx_appTests.swift */ = {isa = PBXFileReference; lastKnownFileType = sourcecode.swift; path = sec_osx_appTests.swift; sourceTree = "<group>"; };
		AA2222222222222222222223 /* sec-osx-appTests.xctest */ = {isa = PBXFileReference; explicitFileType = wrapper.cfbundle; includeInIndex = 0; path = "sec-osx-appTests.xctest"; sourceTree = BUILT_PRODUCTS_DIR; };
		EAD5EBA42EE79A0D00B5A33C /* sec-osx-app.xctestplan */ = {isa = PBXFileReference; lastKnownFileType = text; path = "sec-osx-app.xctestplan"; sourceTree = "<group>"; };
		EAD5EBA52EE890BC00B5A33C /* PasswordManager.swift */ = {isa = PBXFileReference; lastKnownFileType = sourcecode.swift; path = PasswordManager.swift; sourceTree = "<group>"; };
		EAD5EBA62EE890BC00B5A33C /* PasswordManagerView.swift */ = {isa = PBXFileReference; lastKnownFileType = sourcecode.swift; path = PasswordManagerView.swift; sourceTree = "<group>"; };
		EAD5EBAB2EE8992500B5A33C /* PasswordManagerTests.swift */ = {isa = PBXFileReference; lastKnownFileType = sourcecode.swift; path = PasswordManagerTests.swift; sourceTree = "<group>"; };
/* End PBXFileReference section */

/* Begin PBXFrameworksBuildPhase section */
		AA111111111111111111111C /* Frameworks */ = {
			isa = PBXFrameworksBuildPhase;
			buildActionMask = 2147483647;
			files = (
			);
			runOnlyForDeploymentPostprocessing = 0;
		};
		AA2222222222222222222224 /* Frameworks */ = {
			isa = PBXFrameworksBuildPhase;
			buildActionMask = 2147483647;
			files = (
			);
			runOnlyForDeploymentPostprocessing = 0;
		};
/* End PBXFrameworksBuildPhase section */

/* Begin PBXGroup section */
		AA111111111111111111111D = {
			isa = PBXGroup;
			children = (
				EAD5EBAB2EE8992500B5A33C /* PasswordManagerTests.swift */,
				EAD5EBA42EE79A0D00B5A33C /* sec-osx-app.xctestplan */,
				AA111111111111111111111E /* sec-osx-app */,
				AA2222222222222222222225 /* sec-osx-appTests */,
				AA111111111111111111111F /* Products */,
			);
			sourceTree = "<group>";
		};
		AA111111111111111111111E /* sec-osx-app */ = {
			isa = PBXGroup;
			children = (
				EAD5EBA52EE890BC00B5A33C /* PasswordManager.swift */,
				EAD5EBA62EE890BC00B5A33C /* PasswordManagerView.swift */,
				AA1111111111111111111112 /* sec_osx_appApp.swift */,
				AA1111111111111111111114 /* ContentView.swift */,
				AA1111111111111111111116 /* SecurityManager.swift */,
				AA1111111111111111111118 /* Assets.xcassets */,
				AA111111111111111111111A /* Info.plist */,
				AA111111111111111111111B /* sec-osx-app.entitlements */,
			);
			path = "sec-osx-app";
			sourceTree = "<group>";
		};
		AA111111111111111111111F /* Products */ = {
			isa = PBXGroup;
			children = (
				AA1111111111111111111119 /* sec-osx-app.app */,
				AA2222222222222222222223 /* sec-osx-appTests.xctest */,
			);
			name = Products;
			sourceTree = "<group>";
		};
		AA2222222222222222222225 /* sec-osx-appTests */ = {
			isa = PBXGroup;
			children = (
				AA2222222222222222222222 /* sec_osx_appTests.swift */,
			);
			path = "sec-osx-appTests";
			sourceTree = "<group>";
		};
/* End PBXGroup section */

/* Begin PBXNativeTarget section */
		AA1111111111111111111120 /* sec-osx-app */ = {
			isa = PBXNativeTarget;
			buildConfigurationList = AA1111111111111111111121 /* Build configuration list for PBXNativeTarget "sec-osx-app" */;
			buildPhases = (
				AA1111111111111111111122 /* Sources */,
				AA111111111111111111111C /* Frameworks */,
				AA1111111111111111111123 /* Resources */,
			);
			buildRules = (
			);
			dependencies = (
			);
			name = "sec-osx-app";
			productName = "sec-osx-app";
			productReference = AA1111111111111111111119 /* sec-osx-app.app */;
			productType = "com.apple.product-type.application";
		};
		AA2222222222222222222226 /* sec-osx-appTests */ = {
			isa = PBXNativeTarget;
			buildConfigurationList = AA2222222222222222222227 /* Build configuration list for PBXNativeTarget "sec-osx-appTests" */;
			buildPhases = (
				AA2222222222222222222228 /* Sources */,
				AA2222222222222222222224 /* Frameworks */,
				AA2222222222222222222229 /* Resources */,
			);
			buildRules = (
			);
			dependencies = (
				AA222222222222222222222A /* PBXTargetDependency */,
			);
			name = "sec-osx-appTests";
			productName = "sec-osx-appTests";
			productReference = AA2222222222222222222223 /* sec-osx-appTests.xctest */;
			productType = "com.apple.product-type.bundle.unit-test";
		};
/* End PBXNativeTarget section */

/* Begin PBXProject section */
		AA1111111111111111111124 /* Project object */ = {
			isa = PBXProject;
			attributes = {
				BuildIndependentTargetsInParallel = 1;
				LastSwiftUpdateCheck = 1500;
				LastUpgradeCheck = 1500;
				TargetAttributes = {
					AA1111111111111111111120 = {
						CreatedOnToolsVersion = 15.0;
					};
					AA2222222222222222222226 = {
						CreatedOnToolsVersion = 15.0;
						TestTargetID = AA1111111111111111111120;
					};
				};
			};
			buildConfigurationList = AA1111111111111111111125 /* Build configuration list for PBXProject "sec-osx-app" */;
			compatibilityVersion = "Xcode 14.0";
			developmentRegion = en;
			hasScannedForEncodings = 0;
			knownRegions = (
				en,
				Base,
			);
			mainGroup = AA111111111111111111111D;
			productRefGroup = AA111111111111111111111F /* Products */;
			projectDirPath = "";
			projectRoot = "";
			targets = (
				AA1111111111111111111120 /* sec-osx-app */,
				AA2222222222222222222226 /* sec-osx-appTests */,
			);
		};
/* End PBXProject section */

/* Begin PBXResourcesBuildPhase section */
		AA1111111111111111111123 /* Resources */ = {
			isa = PBXResourcesBuildPhase;
			buildActionMask = 2147483647;
			files = (
				AA1111111111111111111117 /* Assets.xcassets in Resources */,
			);
			runOnlyForDeploymentPostprocessing = 0;
		};
		AA2222222222222222222229 /* Resources */ = {
			isa = PBXResourcesBuildPhase;
			buildActionMask = 2147483647;
			files = (
			);
			runOnlyForDeploymentPostprocessing = 0;
		};
/* End PBXResourcesBuildPhase section */

/* Begin PBXSourcesBuildPhase section */
		AA1111111111111111111122 /* Sources */ = {
			isa = PBXSourcesBuildPhase;
			buildActionMask = 2147483647;
			files = (
				AA1111111111111111111111 /* sec_osx_appApp.swift in Sources */,
				AA1111111111111111111113 /* ContentView.swift in Sources */,
				AA1111111111111111111115 /* SecurityManager.swift in Sources */,
				EAD5EBA92EE890BC00B5A33C /* PasswordManagerView.swift in Sources */,
				EAD5EBAA2EE890BC00B5A33C /* PasswordManager.swift in Sources */,
			);
			runOnlyForDeploymentPostprocessing = 0;
		};
		AA2222222222222222222228 /* Sources */ = {
			isa = PBXSourcesBuildPhase;
			buildActionMask = 2147483647;
			files = (
				AA2222222222222222222221 /* sec_osx_appTests.swift in Sources */,
				EAD5EBA72EE890BC00B5A33C /* PasswordManagerView.swift in Sources */,
				EAD5EBAC2EE8992500B5A33C /* PasswordManagerTests.swift in Sources */,
				EAD5EBA82EE890BC00B5A33C /* PasswordManager.swift in Sources */,
			);
			runOnlyForDeploymentPostprocessing = 0;
		};
/* End PBXSourcesBuildPhase section */

/* Begin PBXTargetDependency section */
		AA222222222222222222222A /* PBXTargetDependency */ = {
			isa = PBXTargetDependency;
			target = AA1111111111111111111120 /* sec-osx-app */;
			targetProxy = AA222222222222222222222B /* PBXContainerItemProxy */;
		};
/* End PBXTargetDependency section */

/* Begin XCBuildConfiguration section */
		AA1111111111111111111126 /* Debug */ = {
			isa = XCBuildConfiguration;
			buildSettings = {
				ALWAYS_SEARCH_USER_PATHS = NO;
				ASSETCATALOG_COMPILER_GENERATE_SWIFT_ASSET_SYMBOL_EXTENSIONS = YES;
				CLANG_ANALYZER_NONNULL = YES;
				CLANG_ANALYZER_NUMBER_OBJECT_CONVERSION = YES_AGGRESSIVE;
				CLANG_CXX_LANGUAGE_STANDARD = "gnu++20";
				CLANG_ENABLE_MODULES = YES;
				CLANG_ENABLE_OBJC_ARC = YES;
				CLANG_ENABLE_OBJC_WEAK = YES;
				CLANG_WARN_BLOCK_CAPTURE_AUTORELEASING = YES;
				CLANG_WARN_BOOL_CONVERSION = YES;
				CLANG_WARN_COMMA = YES;
				CLANG_WARN_CONSTANT_CONVERSION = YES;
				CLANG_WARN_DEPRECATED_OBJC_IMPLEMENTATIONS = YES;
				CLANG_WARN_DIRECT_OBJC_ISA_USAGE = YES_ERROR;
				CLANG_WARN_DOCUMENTATION_COMMENTS = YES;
				CLANG_WARN_EMPTY_BODY = YES;
				CLANG_WARN_ENUM_CONVERSION = YES;
				CLANG_WARN_INFINITE_RECURSION = YES;
				CLANG_WARN_INT_CONVERSION = YES;
				CLANG_WARN_NON_LITERAL_NULL_CONVERSION = YES;
				CLANG_WARN_OBJC_IMPLICIT_RETAIN_SELF = YES;
				CLANG_WARN_OBJC_LITERAL_CONVERSION = YES;
				CLANG_WARN_OBJC_ROOT_CLASS = YES_ERROR;
				CLANG_WARN_QUOTED_INCLUDE_IN_FRAMEWORK_HEADER = YES;
				CLANG_WARN_RANGE_LOOP_ANALYSIS = YES;
				CLANG_WARN_STRICT_PROTOTYPES = YES;
				CLANG_WARN_SUSPICIOUS_MOVE = YES;
				CLANG_WARN_UNGUARDED_AVAILABILITY = YES_AGGRESSIVE;
				CLANG_WARN_UNREACHABLE_CODE = YES;
				CLANG_WARN__DUPLICATE_METHOD_MATCH = YES;
				COPY_PHASE_STRIP = NO;
				DEBUG_INFORMATION_FORMAT = dwarf;
				ENABLE_STRICT_OBJC_MSGSEND = YES;
				ENABLE_TESTABILITY = YES;
				ENABLE_USER_SCRIPT_SANDBOXING = YES;
				GCC_C_LANGUAGE_STANDARD = gnu17;
				GCC_DYNAMIC_NO_PIC = NO;
				GCC_NO_COMMON_BLOCKS = YES;
				GCC_OPTIMIZATION_LEVEL = 0;
				GCC_PREPROCESSOR_DEFINITIONS = (
					"DEBUG=1",
					"$(inherited)",
				);
				GCC_WARN_64_TO_32_BIT_CONVERSION = YES;
				GCC_WARN_ABOUT_RETURN_TYPE = YES_ERROR;
				GCC_WARN_UNDECLARED_SELECTOR = YES;
				GCC_WARN_UNINITIALIZED_AUTOS = YES_AGGRESSIVE;
				GCC_WARN_UNUSED_FUNCTION = YES;
				GCC_WARN_UNUSED_VARIABLE = YES;
				LOCALIZATION_PREFERS_STRING_CATALOGS = YES;
				MACOSX_DEPLOYMENT_TARGET = 13.0;
				MTL_ENABLE_DEBUG_INFO = INCLUDE_SOURCE;
				MTL_FAST_MATH = YES;
				ONLY_ACTIVE_ARCH = YES;
				SDKROOT = macosx;
				SWIFT_ACTIVE_COMPILATION_CONDITIONS = "DEBUG $(inherited)";
				SWIFT_OPTIMIZATION_LEVEL = "-Onone";
			};
			name = Debug;
		};
		AA1111111111111111111127 /* Release */ = {
			isa = XCBuildConfiguration;
			buildSettings = {
				ALWAYS_SEARCH_USER_PATHS = NO;
				ASSETCATALOG_COMPILER_GENERATE_SWIFT_ASSET_SYMBOL_EXTENSIONS = YES;
				CLANG_ANALYZER_NONNULL = YES;
				CLANG_ANALYZER_NUMBER_OBJECT_CONVERSION = YES_AGGRESSIVE;
				CLANG_CXX_LANGUAGE_STANDARD = "gnu++20";
				CLANG_ENABLE_MODULES = YES;
				CLANG_ENABLE_OBJC_ARC = YES;
				CLANG_ENABLE_OBJC_WEAK = YES;
				CLANG_WARN_BLOCK_CAPTURE_AUTORELEASING = YES;
				CLANG_WARN_BOOL_CONVERSION = YES;
				CLANG_WARN_COMMA = YES;
				CLANG_WARN_CONSTANT_CONVERSION = YES;
				CLANG_WARN_DEPRECATED_OBJC_IMPLEMENTATIONS = YES;
				CLANG_WARN_DIRECT_OBJC_ISA_USAGE = YES_ERROR;
				CLANG_WARN_DOCUMENTATION_COMMENTS = YES;
				CLANG_WARN_EMPTY_BODY = YES;
				CLANG_WARN_ENUM_CONVERSION = YES;
				CLANG_WARN_INFINITE_RECURSION = YES;
				CLANG_WARN_INT_CONVERSION = YES;
				CLANG_WARN_NON_LITERAL_NULL_CONVERSION = YES;
				CLANG_WARN_OBJC_IMPLICIT_RETAIN_SELF = YES;
				CLANG_WARN_OBJC_LITERAL_CONVERSION = YES;
				CLANG_WARN_OBJC_ROOT_CLASS = YES_ERROR;
				CLANG_WARN_QUOTED_INCLUDE_IN_FRAMEWORK_HEADER = YES;
				CLANG_WARN_RANGE_LOOP_ANALYSIS = YES;
				CLANG_WARN_STRICT_PROTOTYPES = YES;
				CLANG_WARN_SUSPICIOUS_MOVE = YES;
				CLANG_WARN_UNGUARDED_AVAILABILITY = YES_AGGRESSIVE;
				CLANG_WARN_UNREACHABLE_CODE = YES;
				CLANG_WARN__DUPLICATE_METHOD_MATCH = YES;
				COPY_PHASE_STRIP = NO;
				DEBUG_INFORMATION_FORMAT = "dwarf-with-dsym";
				ENABLE_NS_ASSERTIONS = NO;
				ENABLE_STRICT_OBJC_MSGSEND = YES;
				ENABLE_USER_SCRIPT_SANDBOXING = YES;
				GCC_C_LANGUAGE_STANDARD = gnu17;
				GCC_NO_COMMON_BLOCKS = YES;
				GCC_WARN_64_TO_32_BIT_CONVERSION = YES;
				GCC_WARN_ABOUT_RETURN_TYPE = YES_ERROR;
				GCC_WARN_UNDECLARED_SELECTOR = YES;
				GCC_WARN_UNINITIALIZED_AUTOS = YES_AGGRESSIVE;
				GCC_WARN_UNUSED_FUNCTION = YES;
				GCC_WARN_UNUSED_VARIABLE = YES;
				LOCALIZATION_PREFERS_STRING_CATALOGS = YES;
				MACOSX_DEPLOYMENT_TARGET = 13.0;
				MTL_ENABLE_DEBUG_INFO = NO;
				MTL_FAST_MATH = YES;
				SDKROOT = macosx;
				SWIFT_COMPILATION_MODE = wholemodule;
			};
			name = Release;
		};
		AA1111111111111111111128 /* Debug */ = {
			isa = XCBuildConfiguration;
			buildSettings = {
				ASSETCATALOG_COMPILER_APPICON_NAME = AppIcon;
				ASSETCATALOG_COMPILER_GLOBAL_ACCENT_COLOR_NAME = AccentColor;
				CODE_SIGN_ENTITLEMENTS = "sec-osx-app/sec-osx-app.entitlements";
				CODE_SIGN_STYLE = Automatic;
				COMBINE_HIDPI_IMAGES = YES;
				CURRENT_PROJECT_VERSION = 1;
				DEFINES_MODULE = YES;
				DEVELOPMENT_ASSET_PATHS = "";
				DEVELOPMENT_TEAM = "";
				ENABLE_HARDENED_RUNTIME = YES;
				ENABLE_PREVIEWS = YES;
				GENERATE_INFOPLIST_FILE = NO;
				INFOPLIST_FILE = "sec-osx-app/Info.plist";
				INFOPLIST_KEY_NSHumanReadableCopyright = "";
				LD_RUNPATH_SEARCH_PATHS = (
					"$(inherited)",
					"@executable_path/../Frameworks",
				);
				MARKETING_VERSION = 1.0;
				PRODUCT_BUNDLE_IDENTIFIER = "com.example.sec-osx-app";
				PRODUCT_MODULE_NAME = sec_osx_app;
				PRODUCT_NAME = "$(TARGET_NAME)";
				SWIFT_EMIT_LOC_STRINGS = YES;
				SWIFT_INSTALL_OBJC_HEADER = NO;
				SWIFT_VERSION = 5.0;
			};
			name = Debug;
		};
		AA1111111111111111111129 /* Release */ = {
			isa = XCBuildConfiguration;
			buildSettings = {
				ASSETCATALOG_COMPILER_APPICON_NAME = AppIcon;
				ASSETCATALOG_COMPILER_GLOBAL_ACCENT_COLOR_NAME = AccentColor;
				CODE_SIGN_ENTITLEMENTS = "sec-osx-app/sec-osx-app.entitlements";
				CODE_SIGN_STYLE = Automatic;
				COMBINE_HIDPI_IMAGES = YES;
				CURRENT_PROJECT_VERSION = 1;
				DEFINES_MODULE = YES;
				DEVELOPMENT_ASSET_PATHS = "";
				DEVELOPMENT_TEAM = "";
				ENABLE_HARDENED_RUNTIME = YES;
				ENABLE_PREVIEWS = YES;
				GENERATE_INFOPLIST_FILE = NO;
				INFOPLIST_FILE = "sec-osx-app/Info.plist";
				INFOPLIST_KEY_NSHumanReadableCopyright = "";
				LD_RUNPATH_SEARCH_PATHS = (
					"$(inherited)",
					"@executable_path/../Frameworks",
				);
				MARKETING_VERSION = 1.0;
				PRODUCT_BUNDLE_IDENTIFIER = "com.example.sec-osx-app";
				PRODUCT_MODULE_NAME = sec_osx_app;
				PRODUCT_NAME = "$(TARGET_NAME)";
				SWIFT_EMIT_LOC_STRINGS = YES;
				SWIFT_INSTALL_OBJC_HEADER = NO;
				SWIFT_VERSION = 5.0;
			};
			name = Release;
		};
		AA222222222222222222222C /* Debug */ = {
			isa = XCBuildConfiguration;
			buildSettings = {
				BUNDLE_LOADER = "$(TEST_HOST)";
				CODE_SIGN_STYLE = Automatic;
				CURRENT_PROJECT_VERSION = 1;
				DEVELOPMENT_TEAM = "";
				FRAMEWORK_SEARCH_PATHS = (
					"$(inherited)",
					"$(BUILT_PRODUCTS_DIR)",
				);
				GENERATE_INFOPLIST_FILE = YES;
				LD_RUNPATH_SEARCH_PATHS = (
					"$(inherited)",
					"@executable_path/../Frameworks",
					"@loader_path/../Frameworks",
					"$(BUILT_PRODUCTS_DIR)",
				);
				MARKETING_VERSION = 1.0;
				OTHER_LDFLAGS = (
					"$(inherited)",
					"-Xlinker",
					"-add_ast_path",
					"-Xlinker",
					"$(BUILT_PRODUCTS_DIR)/sec_osx_app.swiftmodule",
					"-Xlinker",
					"-rpath",
					"-Xlinker",
					"$(BUILT_PRODUCTS_DIR)",
				);
				PRODUCT_BUNDLE_IDENTIFIER = "com.example.sec-osx-appTests";
				PRODUCT_NAME = "$(TARGET_NAME)";
				SWIFT_ACTIVE_COMPILATION_CONDITIONS = "$(inherited) SWIFT_PACKAGE";
				SWIFT_EMIT_LOC_STRINGS = NO;
				SWIFT_INCLUDE_PATHS = "$(inherited) $(BUILT_PRODUCTS_DIR)";
				SWIFT_INSTALL_OBJC_HEADER = NO;
				SWIFT_VERSION = 5.0;
				TEST_HOST = "$(BUILT_PRODUCTS_DIR)/sec-osx-app.app/$(BUNDLE_EXECUTABLE_FOLDER_PATH)/sec-osx-app";
			};
			name = Debug;
		};
		AA222222222222222222222D /* Release */ = {
			isa = XCBuildConfiguration;
			buildSettings = {
				BUNDLE_LOADER = "$(TEST_HOST)";
				CODE_SIGN_STYLE = Automatic;
				CURRENT_PROJECT_VERSION = 1;
				DEVELOPMENT_TEAM = "";
				FRAMEWORK_SEARCH_PATHS = (
					"$(inherited)",
					"$(BUILT_PRODUCTS_DIR)",
				);
				GENERATE_INFOPLIST_FILE = YES;
				LD_RUNPATH_SEARCH_PATHS = (
					"$(inherited)",
					"@executable_path/../Frameworks",
					"@loader_path/../Frameworks",
					"$(BUILT_PRODUCTS_DIR)",
				);
				MARKETING_VERSION = 1.0;
				OTHER_LDFLAGS = (
					"$(inherited)",
					"-Xlinker",
					"-add_ast_path",
					"-Xlinker",
					"$(BUILT_PRODUCTS_DIR)/sec_osx_app.swiftmodule",
					"-Xlinker",
					"-rpath",
					"-Xlinker",
					"$(BUILT_PRODUCTS_DIR)",
				);
				PRODUCT_BUNDLE_IDENTIFIER = "com.example.sec-osx-appTests";
				PRODUCT_NAME = "$(TARGET_NAME)";
				SWIFT_ACTIVE_COMPILATION_CONDITIONS = "$(inherited) SWIFT_PACKAGE";
				SWIFT_EMIT_LOC_STRINGS = NO;
				SWIFT_INCLUDE_PATHS = "$(inherited) $(BUILT_PRODUCTS_DIR)";
				SWIFT_INSTALL_OBJC_HEADER = NO;
				SWIFT_VERSION = 5.0;
				TEST_HOST = "$(BUILT_PRODUCTS_DIR)/sec-osx-app.app/$(BUNDLE_EXECUTABLE_FOLDER_PATH)/sec-osx-app";
			};
			name = Release;
		};
/* End XCBuildConfiguration section */

/* Begin XCConfigurationList section */
		AA1111111111111111111121 /* Build configuration list for PBXNativeTarget "sec-osx-app" */ = {
			isa = XCConfigurationList;
			buildConfigurations = (
				AA1111111111111111111128 /* Debug */,
				AA1111111111111111111129 /* Release */,
			);
			defaultConfigurationIsVisible = 0;
			defaultConfigurationName = Release;
		};
		AA1111111111111111111125 /* Build configuration list for PBXProject "sec-osx-app" */ = {
			isa = XCConfigurationList;
			buildConfigurations = (
				AA1111111111111111111126 /* Debug */,
				AA1111111111111111111127 /* Release */,
			);
			defaultConfigurationIsVisible = 0;
			defaultConfigurationName = Release;
		};
		AA2222222222222222222227 /* Build configuration list for PBXNativeTarget "sec-osx-appTests" */ = {
			isa = XCConfigurationList;
			buildConfigurations = (
				AA222222222222222222222C /* Debug */,
				AA222222222222222222222D /* Release */,
			);
			defaultConfigurationIsVisible = 0;
			defaultConfigurationName = Release;
		};
/* End XCConfigurationList section */
	};
	rootObject = AA1111111111111111111124 /* Project object */;
}
